Microsoft Visual Studio Solution File, Format Version 12.00
# Visual Studio 15
Project("{8BC9CEB8-8B4A-11D0-8D11-00A0C91BC942}") = "ALL_BUILD", "ALL_BUILD.vcxproj", "{51A3E201-AFAB-32D3-8E00-DECEA76E1A87}"
	ProjectSection(ProjectDependencies) = postProject
		{7A602BA2-63FE-35D8-A7B6-570783FF49FB} = {7A602BA2-63FE-35D8-A7B6-570783FF49FB}
		{DE6C4797-AC18-39DD-B18D-0F893200ECCB} = {DE6C4797-AC18-39DD-B18D-0F893200ECCB}
		{40D86F71-8C3A-3251-9CD5-B8F29BF99E8A} = {40D86F71-8C3A-3251-9CD5-B8F29BF99E8A}
		{F6E61868-E41F-33B5-A992-B8C866B3CEE3} = {F6E61868-E41F-33B5-A992-B8C866B3CEE3}
		{5C8512BB-0142-3475-A54A-E3522EBC2558} = {5C8512BB-0142-3475-A54A-E3522EBC2558}
	EndProjectSection
EndProject
Project("{8BC9CEB8-8B4A-11D0-8D11-00A0C91BC942}") = "RUN_TESTS", "RUN_TESTS.vcxproj", "{B8C52BC1-E7BB-3F2A-95A9-E3C53D89E6D2}"
	ProjectSection(ProjectDependencies) = postProject
		{7A602BA2-63FE-35D8-A7B6-570783FF49FB} = {7A602BA2-63FE-35D8-A7B6-570783FF49FB}
	EndProjectSection
EndProject
Project("{8BC9CEB8-8B4A-11D0-8D11-00A0C91BC942}") = "ZERO_CHECK", "ZERO_CHECK.vcxproj", "{7A602BA2-63FE-35D8-A7B6-570783FF49FB}"
	ProjectSection(ProjectDependencies) = postProject
	EndProjectSection
EndProject
Project("{8BC9CEB8-8B4A-11D0-8D11-00A0C91BC942}") = "app_complex-number", "modules\complex-number\application\app_complex-number.vcxproj", "{DE6C4797-AC18-39DD-B18D-0F893200ECCB}"
	ProjectSection(ProjectDependencies) = postProject
		{7A602BA2-63FE-35D8-A7B6-570783FF49FB} = {7A602BA2-63FE-35D8-A7B6-570783FF49FB}
		{40D86F71-8C3A-3251-9CD5-B8F29BF99E8A} = {40D86F71-8C3A-3251-9CD5-B8F29BF99E8A}
		{F6E61868-E41F-33B5-A992-B8C866B3CEE3} = {F6E61868-E41F-33B5-A992-B8C866B3CEE3}
	EndProjectSection
EndProject
Project("{8BC9CEB8-8B4A-11D0-8D11-00A0C91BC942}") = "cpplint", "cpplint.vcxproj", "{AF3A1280-BBFF-3146-8BE5-CE0993F5754F}"
	ProjectSection(ProjectDependencies) = postProject
		{7A602BA2-63FE-35D8-A7B6-570783FF49FB} = {7A602BA2-63FE-35D8-A7B6-570783FF49FB}
	EndProjectSection
EndProject
Project("{8BC9CEB8-8B4A-11D0-8D11-00A0C91BC942}") = "gtest", "3rdparty\gtest\gtest.vcxproj", "{40D86F71-8C3A-3251-9CD5-B8F29BF99E8A}"
	ProjectSection(ProjectDependencies) = postProject
		{7A602BA2-63FE-35D8-A7B6-570783FF49FB} = {7A602BA2-63FE-35D8-A7B6-570783FF49FB}
	EndProjectSection
EndProject
Project("{8BC9CEB8-8B4A-11D0-8D11-00A0C91BC942}") = "lib_complex-number", "modules\complex-number\src\lib_complex-number.vcxproj", "{F6E61868-E41F-33B5-A992-B8C866B3CEE3}"
	ProjectSection(ProjectDependencies) = postProject
		{7A602BA2-63FE-35D8-A7B6-570783FF49FB} = {7A602BA2-63FE-35D8-A7B6-570783FF49FB}
		{40D86F71-8C3A-3251-9CD5-B8F29BF99E8A} = {40D86F71-8C3A-3251-9CD5-B8F29BF99E8A}
	EndProjectSection
EndProject
Project("{8BC9CEB8-8B4A-11D0-8D11-00A0C91BC942}") = "test_complex-number", "modules\complex-number\test\test_complex-number.vcxproj", "{5C8512BB-0142-3475-A54A-E3522EBC2558}"
	ProjectSection(ProjectDependencies) = postProject
		{7A602BA2-63FE-35D8-A7B6-570783FF49FB} = {7A602BA2-63FE-35D8-A7B6-570783FF49FB}
		{40D86F71-8C3A-3251-9CD5-B8F29BF99E8A} = {40D86F71-8C3A-3251-9CD5-B8F29BF99E8A}
		{F6E61868-E41F-33B5-A992-B8C866B3CEE3} = {F6E61868-E41F-33B5-A992-B8C866B3CEE3}
	EndProjectSection
EndProject
Global
	GlobalSection(SolutionConfigurationPlatforms) = preSolution
		Debug|Win32 = Debug|Win32
		Release|Win32 = Release|Win32
	EndGlobalSection
	GlobalSection(ProjectConfigurationPlatforms) = postSolution
		{51A3E201-AFAB-32D3-8E00-DECEA76E1A87}.Debug|Win32.ActiveCfg = Debug|Win32
		{51A3E201-AFAB-32D3-8E00-DECEA76E1A87}.Release|Win32.ActiveCfg = Release|Win32
		{B8C52BC1-E7BB-3F2A-95A9-E3C53D89E6D2}.Debug|Win32.ActiveCfg = Debug|Win32
		{B8C52BC1-E7BB-3F2A-95A9-E3C53D89E6D2}.Release|Win32.ActiveCfg = Release|Win32
		{7A602BA2-63FE-35D8-A7B6-570783FF49FB}.Debug|Win32.ActiveCfg = Debug|Win32
		{7A602BA2-63FE-35D8-A7B6-570783FF49FB}.Debug|Win32.Build.0 = Debug|Win32
		{7A602BA2-63FE-35D8-A7B6-570783FF49FB}.Release|Win32.ActiveCfg = Release|Win32
		{7A602BA2-63FE-35D8-A7B6-570783FF49FB}.Release|Win32.Build.0 = Release|Win32
		{DE6C4797-AC18-39DD-B18D-0F893200ECCB}.Debug|Win32.ActiveCfg = Debug|Win32
		{DE6C4797-AC18-39DD-B18D-0F893200ECCB}.Debug|Win32.Build.0 = Debug|Win32
		{DE6C4797-AC18-39DD-B18D-0F893200ECCB}.Release|Win32.ActiveCfg = Release|Win32
		{DE6C4797-AC18-39DD-B18D-0F893200ECCB}.Release|Win32.Build.0 = Release|Win32
		{AF3A1280-BBFF-3146-8BE5-CE0993F5754F}.Debug|Win32.ActiveCfg = Debug|Win32
		{AF3A1280-BBFF-3146-8BE5-CE0993F5754F}.Release|Win32.ActiveCfg = Release|Win32
		{40D86F71-8C3A-3251-9CD5-B8F29BF99E8A}.Debug|Win32.ActiveCfg = Debug|Win32
		{40D86F71-8C3A-3251-9CD5-B8F29BF99E8A}.Debug|Win32.Build.0 = Debug|Win32
		{40D86F71-8C3A-3251-9CD5-B8F29BF99E8A}.Release|Win32.ActiveCfg = Release|Win32
		{40D86F71-8C3A-3251-9CD5-B8F29BF99E8A}.Release|Win32.Build.0 = Release|Win32
		{F6E61868-E41F-33B5-A992-B8C866B3CEE3}.Debug|Win32.ActiveCfg = Debug|Win32
		{F6E61868-E41F-33B5-A992-B8C866B3CEE3}.Debug|Win32.Build.0 = Debug|Win32
		{F6E61868-E41F-33B5-A992-B8C866B3CEE3}.Release|Win32.ActiveCfg = Release|Win32
		{F6E61868-E41F-33B5-A992-B8C866B3CEE3}.Release|Win32.Build.0 = Release|Win32
		{5C8512BB-0142-3475-A54A-E3522EBC2558}.Debug|Win32.ActiveCfg = Debug|Win32
		{5C8512BB-0142-3475-A54A-E3522EBC2558}.Debug|Win32.Build.0 = Debug|Win32
		{5C8512BB-0142-3475-A54A-E3522EBC2558}.Release|Win32.ActiveCfg = Release|Win32
		{5C8512BB-0142-3475-A54A-E3522EBC2558}.Release|Win32.Build.0 = Release|Win32
	EndGlobalSection
	GlobalSection(ExtensibilityGlobals) = postSolution
		SolutionGuid = {4DCB45D3-A3A6-3005-BD96-28802943D4E8}
	EndGlobalSection
	GlobalSection(ExtensibilityAddIns) = postSolution
	EndGlobalSection
EndGlobal
