Microsoft Visual Studio Solution File, Format Version 12.00
# Visual Studio 15
Project("{8BC9CEB8-8B4A-11D0-8D11-00A0C91BC942}") = "ALL_BUILD", "ALL_BUILD.vcxproj", "{00C9C170-C70A-3B6F-9B19-6A0AA50595A8}"
	ProjectSection(ProjectDependencies) = postProject
		{84018BA3-5637-3DB5-9E56-3717670C9C03} = {84018BA3-5637-3DB5-9E56-3717670C9C03}
		{2D721727-E6CF-3E5F-831A-31529831DB5D} = {2D721727-E6CF-3E5F-831A-31529831DB5D}
		{22644DED-AD21-3942-A07B-A4BF1510DBD3} = {22644DED-AD21-3942-A07B-A4BF1510DBD3}
		{21C8409B-B499-3F4B-A65F-0855146BC382} = {21C8409B-B499-3F4B-A65F-0855146BC382}
	EndProjectSection
EndProject
Project("{8BC9CEB8-8B4A-11D0-8D11-00A0C91BC942}") = "ZERO_CHECK", "ZERO_CHECK.vcxproj", "{84018BA3-5637-3DB5-9E56-3717670C9C03}"
	ProjectSection(ProjectDependencies) = postProject
	EndProjectSection
EndProject
Project("{8BC9CEB8-8B4A-11D0-8D11-00A0C91BC942}") = "app_complex-number", "application\app_complex-number.vcxproj", "{2D721727-E6CF-3E5F-831A-31529831DB5D}"
	ProjectSection(ProjectDependencies) = postProject
		{84018BA3-5637-3DB5-9E56-3717670C9C03} = {84018BA3-5637-3DB5-9E56-3717670C9C03}
		{22644DED-AD21-3942-A07B-A4BF1510DBD3} = {22644DED-AD21-3942-A07B-A4BF1510DBD3}
	EndProjectSection
EndProject
Project("{8BC9CEB8-8B4A-11D0-8D11-00A0C91BC942}") = "lib_complex-number", "src\lib_complex-number.vcxproj", "{22644DED-AD21-3942-A07B-A4BF1510DBD3}"
	ProjectSection(ProjectDependencies) = postProject
		{84018BA3-5637-3DB5-9E56-3717670C9C03} = {84018BA3-5637-3DB5-9E56-3717670C9C03}
	EndProjectSection
EndProject
Project("{8BC9CEB8-8B4A-11D0-8D11-00A0C91BC942}") = "test_complex-number", "test\test_complex-number.vcxproj", "{21C8409B-B499-3F4B-A65F-0855146BC382}"
	ProjectSection(ProjectDependencies) = postProject
		{84018BA3-5637-3DB5-9E56-3717670C9C03} = {84018BA3-5637-3DB5-9E56-3717670C9C03}
		{22644DED-AD21-3942-A07B-A4BF1510DBD3} = {22644DED-AD21-3942-A07B-A4BF1510DBD3}
	EndProjectSection
EndProject
Global
	GlobalSection(SolutionConfigurationPlatforms) = preSolution
		Debug|Win32 = Debug|Win32
		Release|Win32 = Release|Win32
		MinSizeRel|Win32 = MinSizeRel|Win32
		RelWithDebInfo|Win32 = RelWithDebInfo|Win32
	EndGlobalSection
	GlobalSection(ProjectConfigurationPlatforms) = postSolution
		{00C9C170-C70A-3B6F-9B19-6A0AA50595A8}.Debug|Win32.ActiveCfg = Debug|Win32
		{00C9C170-C70A-3B6F-9B19-6A0AA50595A8}.Release|Win32.ActiveCfg = Release|Win32
		{00C9C170-C70A-3B6F-9B19-6A0AA50595A8}.MinSizeRel|Win32.ActiveCfg = MinSizeRel|Win32
		{00C9C170-C70A-3B6F-9B19-6A0AA50595A8}.RelWithDebInfo|Win32.ActiveCfg = RelWithDebInfo|Win32
		{84018BA3-5637-3DB5-9E56-3717670C9C03}.Debug|Win32.ActiveCfg = Debug|Win32
		{84018BA3-5637-3DB5-9E56-3717670C9C03}.Debug|Win32.Build.0 = Debug|Win32
		{84018BA3-5637-3DB5-9E56-3717670C9C03}.Release|Win32.ActiveCfg = Release|Win32
		{84018BA3-5637-3DB5-9E56-3717670C9C03}.Release|Win32.Build.0 = Release|Win32
		{84018BA3-5637-3DB5-9E56-3717670C9C03}.MinSizeRel|Win32.ActiveCfg = MinSizeRel|Win32
		{84018BA3-5637-3DB5-9E56-3717670C9C03}.MinSizeRel|Win32.Build.0 = MinSizeRel|Win32
		{84018BA3-5637-3DB5-9E56-3717670C9C03}.RelWithDebInfo|Win32.ActiveCfg = RelWithDebInfo|Win32
		{84018BA3-5637-3DB5-9E56-3717670C9C03}.RelWithDebInfo|Win32.Build.0 = RelWithDebInfo|Win32
		{2D721727-E6CF-3E5F-831A-31529831DB5D}.Debug|Win32.ActiveCfg = Debug|Win32
		{2D721727-E6CF-3E5F-831A-31529831DB5D}.Debug|Win32.Build.0 = Debug|Win32
		{2D721727-E6CF-3E5F-831A-31529831DB5D}.Release|Win32.ActiveCfg = Release|Win32
		{2D721727-E6CF-3E5F-831A-31529831DB5D}.Release|Win32.Build.0 = Release|Win32
		{2D721727-E6CF-3E5F-831A-31529831DB5D}.MinSizeRel|Win32.ActiveCfg = MinSizeRel|Win32
		{2D721727-E6CF-3E5F-831A-31529831DB5D}.MinSizeRel|Win32.Build.0 = MinSizeRel|Win32
		{2D721727-E6CF-3E5F-831A-31529831DB5D}.RelWithDebInfo|Win32.ActiveCfg = RelWithDebInfo|Win32
		{2D721727-E6CF-3E5F-831A-31529831DB5D}.RelWithDebInfo|Win32.Build.0 = RelWithDebInfo|Win32
		{22644DED-AD21-3942-A07B-A4BF1510DBD3}.Debug|Win32.ActiveCfg = Debug|Win32
		{22644DED-AD21-3942-A07B-A4BF1510DBD3}.Debug|Win32.Build.0 = Debug|Win32
		{22644DED-AD21-3942-A07B-A4BF1510DBD3}.Release|Win32.ActiveCfg = Release|Win32
		{22644DED-AD21-3942-A07B-A4BF1510DBD3}.Release|Win32.Build.0 = Release|Win32
		{22644DED-AD21-3942-A07B-A4BF1510DBD3}.MinSizeRel|Win32.ActiveCfg = MinSizeRel|Win32
		{22644DED-AD21-3942-A07B-A4BF1510DBD3}.MinSizeRel|Win32.Build.0 = MinSizeRel|Win32
		{22644DED-AD21-3942-A07B-A4BF1510DBD3}.RelWithDebInfo|Win32.ActiveCfg = RelWithDebInfo|Win32
		{22644DED-AD21-3942-A07B-A4BF1510DBD3}.RelWithDebInfo|Win32.Build.0 = RelWithDebInfo|Win32
		{21C8409B-B499-3F4B-A65F-0855146BC382}.Debug|Win32.ActiveCfg = Debug|Win32
		{21C8409B-B499-3F4B-A65F-0855146BC382}.Debug|Win32.Build.0 = Debug|Win32
		{21C8409B-B499-3F4B-A65F-0855146BC382}.Release|Win32.ActiveCfg = Release|Win32
		{21C8409B-B499-3F4B-A65F-0855146BC382}.Release|Win32.Build.0 = Release|Win32
		{21C8409B-B499-3F4B-A65F-0855146BC382}.MinSizeRel|Win32.ActiveCfg = MinSizeRel|Win32
		{21C8409B-B499-3F4B-A65F-0855146BC382}.MinSizeRel|Win32.Build.0 = MinSizeRel|Win32
		{21C8409B-B499-3F4B-A65F-0855146BC382}.RelWithDebInfo|Win32.ActiveCfg = RelWithDebInfo|Win32
		{21C8409B-B499-3F4B-A65F-0855146BC382}.RelWithDebInfo|Win32.Build.0 = RelWithDebInfo|Win32
	EndGlobalSection
	GlobalSection(ExtensibilityGlobals) = postSolution
		SolutionGuid = {EA12929C-A1D4-3986-984E-63429D44F068}
	EndGlobalSection
	GlobalSection(ExtensibilityAddIns) = postSolution
	EndGlobalSection
EndGlobal
